// !$*UTF8*$!
{
	archiveVersion = 1;
	classes = {
	};
	objectVersion = 46;
	objects = {

/* Begin PBXBuildFile section */
		1036D7461B97F9C6003926FB /* main.m in Sources */ = {isa = PBXBuildFile; fileRef = 1036D7451B97F9C6003926FB /* main.m */; };
		1036D7491B97F9C6003926FB /* AppDelegate.m in Sources */ = {isa = PBXBuildFile; fileRef = 1036D7481B97F9C6003926FB /* AppDelegate.m */; };
		1036D74C1B97F9C6003926FB /* BizagiWorkPortalTest.xcdatamodeld in Sources */ = {isa = PBXBuildFile; fileRef = 1036D74A1B97F9C6003926FB /* BizagiWorkPortalTest.xcdatamodeld */; };
		1036D74F1B97F9C6003926FB /* ViewController.m in Sources */ = {isa = PBXBuildFile; fileRef = 1036D74E1B97F9C6003926FB /* ViewController.m */; };
		1036D7521B97F9C6003926FB /* Main.storyboard in Resources */ = {isa = PBXBuildFile; fileRef = 1036D7501B97F9C6003926FB /* Main.storyboard */; };
		1036D7541B97F9C6003926FB /* Images.xcassets in Resources */ = {isa = PBXBuildFile; fileRef = 1036D7531B97F9C6003926FB /* Images.xcassets */; };
		1036D7571B97F9C6003926FB /* LaunchScreen.xib in Resources */ = {isa = PBXBuildFile; fileRef = 1036D7551B97F9C6003926FB /* LaunchScreen.xib */; };
		1036D7631B97F9C6003926FB /* BizagiWorkPortalTestTests.m in Sources */ = {isa = PBXBuildFile; fileRef = 1036D7621B97F9C6003926FB /* BizagiWorkPortalTestTests.m */; };
		106491561B9EA34600F6C8D8 /* inbox@2x.png in Resources */ = {isa = PBXBuildFile; fileRef = 106491531B9EA34600F6C8D8 /* inbox@2x.png */; };
		106491571B9EA34600F6C8D8 /* information@2x.png in Resources */ = {isa = PBXBuildFile; fileRef = 106491541B9EA34600F6C8D8 /* information@2x.png */; };
		106491581B9EA34600F6C8D8 /* profile@2x.png in Resources */ = {isa = PBXBuildFile; fileRef = 106491551B9EA34600F6C8D8 /* profile@2x.png */; };
		10A93B161B97FD5200C791E7 /* office.jpg in Resources */ = {isa = PBXBuildFile; fileRef = 10A93B151B97FD5200C791E7 /* office.jpg */; };
		10A93B191B98013A00C791E7 /* InboxViewController.m in Sources */ = {isa = PBXBuildFile; fileRef = 10A93B181B98013A00C791E7 /* InboxViewController.m */; };
		10A93B1D1B98042200C791E7 /* Process.m in Sources */ = {isa = PBXBuildFile; fileRef = 10A93B1C1B98042200C791E7 /* Process.m */; };
		10A93B211B98067A00C791E7 /* InboxCell.m in Sources */ = {isa = PBXBuildFile; fileRef = 10A93B201B98067A00C791E7 /* InboxCell.m */; };
		10A93B231B98068600C791E7 /* InboxCell.xib in Resources */ = {isa = PBXBuildFile; fileRef = 10A93B221B98068600C791E7 /* InboxCell.xib */; };
		85E73D33194C8CBED5C70062 /* libPods-BizagiWorkPortalTest.a in Frameworks */ = {isa = PBXBuildFile; fileRef = FF924B1E8FDAC9BD6FA329E2 /* libPods-BizagiWorkPortalTest.a */; };
		F280CDF61B9F3C0A0027FA04 /* Client.m in Sources */ = {isa = PBXBuildFile; fileRef = F280CDF31B9F3C0A0027FA04 /* Client.m */; };
		F280CDF71B9F3C0A0027FA04 /* Connections.m in Sources */ = {isa = PBXBuildFile; fileRef = F280CDF51B9F3C0A0027FA04 /* Connections.m */; };
		F280CDFA1B9F42A20027FA04 /* UserProfileViewController.m in Sources */ = {isa = PBXBuildFile; fileRef = F280CDF91B9F42A20027FA04 /* UserProfileViewController.m */; };
		F280CDFD1B9F43AE0027FA04 /* AcceptedRequestsViewController.m in Sources */ = {isa = PBXBuildFile; fileRef = F280CDFC1B9F43AE0027FA04 /* AcceptedRequestsViewController.m */; };
		F280CE001B9F4B250027FA04 /* EmployeeDetailViewController.m in Sources */ = {isa = PBXBuildFile; fileRef = F280CDFF1B9F4B250027FA04 /* EmployeeDetailViewController.m */; };
		F280CE021B9F57C90027FA04 /* accepted@2x.png in Resources */ = {isa = PBXBuildFile; fileRef = F280CE011B9F57C90027FA04 /* accepted@2x.png */; };
		F280CE121B9F59EE0027FA04 /* FUIButton.m in Sources */ = {isa = PBXBuildFile; fileRef = F280CE051B9F59EE0027FA04 /* FUIButton.m */; };
		F280CE131B9F59EE0027FA04 /* Lato-Black.ttf in Resources */ = {isa = PBXBuildFile; fileRef = F280CE061B9F59EE0027FA04 /* Lato-Black.ttf */; };
		F280CE141B9F59EE0027FA04 /* Lato-Bold.ttf in Resources */ = {isa = PBXBuildFile; fileRef = F280CE071B9F59EE0027FA04 /* Lato-Bold.ttf */; };
		F280CE151B9F59EE0027FA04 /* Lato-Italic.ttf in Resources */ = {isa = PBXBuildFile; fileRef = F280CE081B9F59EE0027FA04 /* Lato-Italic.ttf */; };
		F280CE161B9F59EE0027FA04 /* Lato-Regular.ttf in Resources */ = {isa = PBXBuildFile; fileRef = F280CE091B9F59EE0027FA04 /* Lato-Regular.ttf */; };
		F280CE171B9F59EE0027FA04 /* UIColor+FlatUI.m in Sources */ = {isa = PBXBuildFile; fileRef = F280CE0B1B9F59EE0027FA04 /* UIColor+FlatUI.m */; };
		F280CE181B9F59EE0027FA04 /* UIFont+FlatUI.m in Sources */ = {isa = PBXBuildFile; fileRef = F280CE0D1B9F59EE0027FA04 /* UIFont+FlatUI.m */; };
		F280CE191B9F59EE0027FA04 /* UIImage+FlatUI.m in Sources */ = {isa = PBXBuildFile; fileRef = F280CE0F1B9F59EE0027FA04 /* UIImage+FlatUI.m */; };
		F280CE1A1B9F59EE0027FA04 /* UINavigationBar+FlatUI.m in Sources */ = {isa = PBXBuildFile; fileRef = F280CE111B9F59EE0027FA04 /* UINavigationBar+FlatUI.m */; };
		F280CE1E1B9F62CE0027FA04 /* M13BadgeView.m in Sources */ = {isa = PBXBuildFile; fileRef = F280CE1D1B9F62CE0027FA04 /* M13BadgeView.m */; };
/* End PBXBuildFile section */

/* Begin PBXContainerItemProxy section */
		1036D75D1B97F9C6003926FB /* PBXContainerItemProxy */ = {
			isa = PBXContainerItemProxy;
			containerPortal = 1036D7381B97F9C6003926FB /* Project object */;
			proxyType = 1;
			remoteGlobalIDString = 1036D73F1B97F9C6003926FB;
			remoteInfo = BizagiWorkPortalTest;
		};
/* End PBXContainerItemProxy section */

/* Begin PBXFileReference section */
		1036D7401B97F9C6003926FB /* BizagiWorkPortalTest.app */ = {isa = PBXFileReference; explicitFileType = wrapper.application; includeInIndex = 0; path = BizagiWorkPortalTest.app; sourceTree = BUILT_PRODUCTS_DIR; };
		1036D7441B97F9C6003926FB /* Info.plist */ = {isa = PBXFileReference; lastKnownFileType = text.plist.xml; path = Info.plist; sourceTree = "<group>"; };
		1036D7451B97F9C6003926FB /* main.m */ = {isa = PBXFileReference; lastKnownFileType = sourcecode.c.objc; path = main.m; sourceTree = "<group>"; };
		1036D7471B97F9C6003926FB /* AppDelegate.h */ = {isa = PBXFileReference; lastKnownFileType = sourcecode.c.h; path = AppDelegate.h; sourceTree = "<group>"; };
		1036D7481B97F9C6003926FB /* AppDelegate.m */ = {isa = PBXFileReference; lastKnownFileType = sourcecode.c.objc; path = AppDelegate.m; sourceTree = "<group>"; };
		1036D74B1B97F9C6003926FB /* BizagiWorkPortalTest.xcdatamodel */ = {isa = PBXFileReference; lastKnownFileType = wrapper.xcdatamodel; path = BizagiWorkPortalTest.xcdatamodel; sourceTree = "<group>"; };
		1036D74D1B97F9C6003926FB /* ViewController.h */ = {isa = PBXFileReference; lastKnownFileType = sourcecode.c.h; path = ViewController.h; sourceTree = "<group>"; };
		1036D74E1B97F9C6003926FB /* ViewController.m */ = {isa = PBXFileReference; lastKnownFileType = sourcecode.c.objc; path = ViewController.m; sourceTree = "<group>"; };
		1036D7511B97F9C6003926FB /* Base */ = {isa = PBXFileReference; lastKnownFileType = file.storyboard; name = Base; path = Base.lproj/Main.storyboard; sourceTree = "<group>"; };
		1036D7531B97F9C6003926FB /* Images.xcassets */ = {isa = PBXFileReference; lastKnownFileType = folder.assetcatalog; path = Images.xcassets; sourceTree = "<group>"; };
		1036D7561B97F9C6003926FB /* Base */ = {isa = PBXFileReference; lastKnownFileType = file.xib; name = Base; path = Base.lproj/LaunchScreen.xib; sourceTree = "<group>"; };
		1036D75C1B97F9C6003926FB /* BizagiWorkPortalTestTests.xctest */ = {isa = PBXFileReference; explicitFileType = wrapper.cfbundle; includeInIndex = 0; path = BizagiWorkPortalTestTests.xctest; sourceTree = BUILT_PRODUCTS_DIR; };
		1036D7611B97F9C6003926FB /* Info.plist */ = {isa = PBXFileReference; lastKnownFileType = text.plist.xml; path = Info.plist; sourceTree = "<group>"; };
		1036D7621B97F9C6003926FB /* BizagiWorkPortalTestTests.m */ = {isa = PBXFileReference; lastKnownFileType = sourcecode.c.objc; path = BizagiWorkPortalTestTests.m; sourceTree = "<group>"; };
		106491531B9EA34600F6C8D8 /* inbox@2x.png */ = {isa = PBXFileReference; lastKnownFileType = image.png; name = "inbox@2x.png"; path = "Resources/inbox@2x.png"; sourceTree = "<group>"; };
		106491541B9EA34600F6C8D8 /* information@2x.png */ = {isa = PBXFileReference; lastKnownFileType = image.png; name = "information@2x.png"; path = "Resources/information@2x.png"; sourceTree = "<group>"; };
		106491551B9EA34600F6C8D8 /* profile@2x.png */ = {isa = PBXFileReference; lastKnownFileType = image.png; name = "profile@2x.png"; path = "Resources/profile@2x.png"; sourceTree = "<group>"; };
		10A93B151B97FD5200C791E7 /* office.jpg */ = {isa = PBXFileReference; lastKnownFileType = image.jpeg; name = office.jpg; path = Resources/office.jpg; sourceTree = "<group>"; };
		10A93B171B98013A00C791E7 /* InboxViewController.h */ = {isa = PBXFileReference; fileEncoding = 4; lastKnownFileType = sourcecode.c.h; path = InboxViewController.h; sourceTree = "<group>"; };
		10A93B181B98013A00C791E7 /* InboxViewController.m */ = {isa = PBXFileReference; fileEncoding = 4; lastKnownFileType = sourcecode.c.objc; path = InboxViewController.m; sourceTree = "<group>"; };
		10A93B1B1B98042200C791E7 /* Process.h */ = {isa = PBXFileReference; fileEncoding = 4; lastKnownFileType = sourcecode.c.h; path = Process.h; sourceTree = "<group>"; };
		10A93B1C1B98042200C791E7 /* Process.m */ = {isa = PBXFileReference; fileEncoding = 4; lastKnownFileType = sourcecode.c.objc; path = Process.m; sourceTree = "<group>"; };
		10A93B1F1B98067A00C791E7 /* InboxCell.h */ = {isa = PBXFileReference; fileEncoding = 4; lastKnownFileType = sourcecode.c.h; path = InboxCell.h; sourceTree = "<group>"; };
		10A93B201B98067A00C791E7 /* InboxCell.m */ = {isa = PBXFileReference; fileEncoding = 4; lastKnownFileType = sourcecode.c.objc; path = InboxCell.m; sourceTree = "<group>"; };
		10A93B221B98068600C791E7 /* InboxCell.xib */ = {isa = PBXFileReference; fileEncoding = 4; lastKnownFileType = file.xib; path = InboxCell.xib; sourceTree = "<group>"; };
		1E7BAB982E11DA430FDD4B75 /* Pods-BizagiWorkPortalTest.release.xcconfig */ = {isa = PBXFileReference; includeInIndex = 1; lastKnownFileType = text.xcconfig; name = "Pods-BizagiWorkPortalTest.release.xcconfig"; path = "Pods/Target Support Files/Pods-BizagiWorkPortalTest/Pods-BizagiWorkPortalTest.release.xcconfig"; sourceTree = "<group>"; };
		916D11A61A254F5D0AD641D9 /* Pods-BizagiWorkPortalTest.debug.xcconfig */ = {isa = PBXFileReference; includeInIndex = 1; lastKnownFileType = text.xcconfig; name = "Pods-BizagiWorkPortalTest.debug.xcconfig"; path = "Pods/Target Support Files/Pods-BizagiWorkPortalTest/Pods-BizagiWorkPortalTest.debug.xcconfig"; sourceTree = "<group>"; };
		F280CDF21B9F3C0A0027FA04 /* Client.h */ = {isa = PBXFileReference; fileEncoding = 4; lastKnownFileType = sourcecode.c.h; name = Client.h; path = SupportingClasses/Client.h; sourceTree = "<group>"; };
		F280CDF31B9F3C0A0027FA04 /* Client.m */ = {isa = PBXFileReference; fileEncoding = 4; lastKnownFileType = sourcecode.c.objc; name = Client.m; path = SupportingClasses/Client.m; sourceTree = "<group>"; };
		F280CDF41B9F3C0A0027FA04 /* Connections.h */ = {isa = PBXFileReference; fileEncoding = 4; lastKnownFileType = sourcecode.c.h; name = Connections.h; path = SupportingClasses/Connections.h; sourceTree = "<group>"; };
		F280CDF51B9F3C0A0027FA04 /* Connections.m */ = {isa = PBXFileReference; fileEncoding = 4; lastKnownFileType = sourcecode.c.objc; name = Connections.m; path = SupportingClasses/Connections.m; sourceTree = "<group>"; };
		F280CDF81B9F42A20027FA04 /* UserProfileViewController.h */ = {isa = PBXFileReference; fileEncoding = 4; lastKnownFileType = sourcecode.c.h; path = UserProfileViewController.h; sourceTree = "<group>"; };
		F280CDF91B9F42A20027FA04 /* UserProfileViewController.m */ = {isa = PBXFileReference; fileEncoding = 4; lastKnownFileType = sourcecode.c.objc; path = UserProfileViewController.m; sourceTree = "<group>"; };
		F280CDFB1B9F43AE0027FA04 /* AcceptedRequestsViewController.h */ = {isa = PBXFileReference; fileEncoding = 4; lastKnownFileType = sourcecode.c.h; path = AcceptedRequestsViewController.h; sourceTree = "<group>"; };
		F280CDFC1B9F43AE0027FA04 /* AcceptedRequestsViewController.m */ = {isa = PBXFileReference; fileEncoding = 4; lastKnownFileType = sourcecode.c.objc; path = AcceptedRequestsViewController.m; sourceTree = "<group>"; };
		F280CDFE1B9F4B250027FA04 /* EmployeeDetailViewController.h */ = {isa = PBXFileReference; fileEncoding = 4; lastKnownFileType = sourcecode.c.h; path = EmployeeDetailViewController.h; sourceTree = "<group>"; };
		F280CDFF1B9F4B250027FA04 /* EmployeeDetailViewController.m */ = {isa = PBXFileReference; fileEncoding = 4; lastKnownFileType = sourcecode.c.objc; path = EmployeeDetailViewController.m; sourceTree = "<group>"; };
		F280CE011B9F57C90027FA04 /* accepted@2x.png */ = {isa = PBXFileReference; lastKnownFileType = image.png; name = "accepted@2x.png"; path = "Resources/accepted@2x.png"; sourceTree = "<group>"; };
		F280CE041B9F59EE0027FA04 /* FUIButton.h */ = {isa = PBXFileReference; fileEncoding = 4; lastKnownFileType = sourcecode.c.h; name = FUIButton.h; path = SupportingClasses/Design/FUIButton.h; sourceTree = "<group>"; };
		F280CE051B9F59EE0027FA04 /* FUIButton.m */ = {isa = PBXFileReference; fileEncoding = 4; lastKnownFileType = sourcecode.c.objc; name = FUIButton.m; path = SupportingClasses/Design/FUIButton.m; sourceTree = "<group>"; };
		F280CE061B9F59EE0027FA04 /* Lato-Black.ttf */ = {isa = PBXFileReference; lastKnownFileType = file; name = "Lato-Black.ttf"; path = "SupportingClasses/Design/Lato-Black.ttf"; sourceTree = "<group>"; };
		F280CE071B9F59EE0027FA04 /* Lato-Bold.ttf */ = {isa = PBXFileReference; lastKnownFileType = file; name = "Lato-Bold.ttf"; path = "SupportingClasses/Design/Lato-Bold.ttf"; sourceTree = "<group>"; };
		F280CE081B9F59EE0027FA04 /* Lato-Italic.ttf */ = {isa = PBXFileReference; lastKnownFileType = file; name = "Lato-Italic.ttf"; path = "SupportingClasses/Design/Lato-Italic.ttf"; sourceTree = "<group>"; };
		F280CE091B9F59EE0027FA04 /* Lato-Regular.ttf */ = {isa = PBXFileReference; lastKnownFileType = file; name = "Lato-Regular.ttf"; path = "SupportingClasses/Design/Lato-Regular.ttf"; sourceTree = "<group>"; };
		F280CE0A1B9F59EE0027FA04 /* UIColor+FlatUI.h */ = {isa = PBXFileReference; fileEncoding = 4; lastKnownFileType = sourcecode.c.h; name = "UIColor+FlatUI.h"; path = "SupportingClasses/Design/UIColor+FlatUI.h"; sourceTree = "<group>"; };
		F280CE0B1B9F59EE0027FA04 /* UIColor+FlatUI.m */ = {isa = PBXFileReference; fileEncoding = 4; lastKnownFileType = sourcecode.c.objc; name = "UIColor+FlatUI.m"; path = "SupportingClasses/Design/UIColor+FlatUI.m"; sourceTree = "<group>"; };
		F280CE0C1B9F59EE0027FA04 /* UIFont+FlatUI.h */ = {isa = PBXFileReference; fileEncoding = 4; lastKnownFileType = sourcecode.c.h; name = "UIFont+FlatUI.h"; path = "SupportingClasses/Design/UIFont+FlatUI.h"; sourceTree = "<group>"; };
		F280CE0D1B9F59EE0027FA04 /* UIFont+FlatUI.m */ = {isa = PBXFileReference; fileEncoding = 4; lastKnownFileType = sourcecode.c.objc; name = "UIFont+FlatUI.m"; path = "SupportingClasses/Design/UIFont+FlatUI.m"; sourceTree = "<group>"; };
		F280CE0E1B9F59EE0027FA04 /* UIImage+FlatUI.h */ = {isa = PBXFileReference; fileEncoding = 4; lastKnownFileType = sourcecode.c.h; name = "UIImage+FlatUI.h"; path = "SupportingClasses/Design/UIImage+FlatUI.h"; sourceTree = "<group>"; };
		F280CE0F1B9F59EE0027FA04 /* UIImage+FlatUI.m */ = {isa = PBXFileReference; fileEncoding = 4; lastKnownFileType = sourcecode.c.objc; name = "UIImage+FlatUI.m"; path = "SupportingClasses/Design/UIImage+FlatUI.m"; sourceTree = "<group>"; };
		F280CE101B9F59EE0027FA04 /* UINavigationBar+FlatUI.h */ = {isa = PBXFileReference; fileEncoding = 4; lastKnownFileType = sourcecode.c.h; name = "UINavigationBar+FlatUI.h"; path = "SupportingClasses/Design/UINavigationBar+FlatUI.h"; sourceTree = "<group>"; };
		F280CE111B9F59EE0027FA04 /* UINavigationBar+FlatUI.m */ = {isa = PBXFileReference; fileEncoding = 4; lastKnownFileType = sourcecode.c.objc; name = "UINavigationBar+FlatUI.m"; path = "SupportingClasses/Design/UINavigationBar+FlatUI.m"; sourceTree = "<group>"; };
		F280CE1C1B9F62CE0027FA04 /* M13BadgeView.h */ = {isa = PBXFileReference; fileEncoding = 4; lastKnownFileType = sourcecode.c.h; name = M13BadgeView.h; path = SupportingClasses/Badge/M13BadgeView.h; sourceTree = "<group>"; };
		F280CE1D1B9F62CE0027FA04 /* M13BadgeView.m */ = {isa = PBXFileReference; fileEncoding = 4; lastKnownFileType = sourcecode.c.objc; name = M13BadgeView.m; path = SupportingClasses/Badge/M13BadgeView.m; sourceTree = "<group>"; };
		FF924B1E8FDAC9BD6FA329E2 /* libPods-BizagiWorkPortalTest.a */ = {isa = PBXFileReference; explicitFileType = archive.ar; includeInIndex = 0; path = "libPods-BizagiWorkPortalTest.a"; sourceTree = BUILT_PRODUCTS_DIR; };
/* End PBXFileReference section */

/* Begin PBXFrameworksBuildPhase section */
		1036D73D1B97F9C6003926FB /* Frameworks */ = {
			isa = PBXFrameworksBuildPhase;
			buildActionMask = 2147483647;
			files = (
				85E73D33194C8CBED5C70062 /* libPods-BizagiWorkPortalTest.a in Frameworks */,
			);
			runOnlyForDeploymentPostprocessing = 0;
		};
		1036D7591B97F9C6003926FB /* Frameworks */ = {
			isa = PBXFrameworksBuildPhase;
			buildActionMask = 2147483647;
			files = (
			);
			runOnlyForDeploymentPostprocessing = 0;
		};
/* End PBXFrameworksBuildPhase section */

/* Begin PBXGroup section */
		1036D7371B97F9C6003926FB = {
			isa = PBXGroup;
			children = (
				1036D7421B97F9C6003926FB /* BizagiWorkPortalTest */,
				1036D75F1B97F9C6003926FB /* BizagiWorkPortalTestTests */,
				1036D7411B97F9C6003926FB /* Products */,
				4F57BA4E96AA3C0CF138F169 /* Pods */,
				8987BB7E963B0E1C01BF84F3 /* Frameworks */,
			);
			sourceTree = "<group>";
		};
		1036D7411B97F9C6003926FB /* Products */ = {
			isa = PBXGroup;
			children = (
				1036D7401B97F9C6003926FB /* BizagiWorkPortalTest.app */,
				1036D75C1B97F9C6003926FB /* BizagiWorkPortalTestTests.xctest */,
			);
			name = Products;
			sourceTree = "<group>";
		};
		1036D7421B97F9C6003926FB /* BizagiWorkPortalTest */ = {
			isa = PBXGroup;
			children = (
				F280CE1B1B9F62C20027FA04 /* Badge */,
				F280CE031B9F59E60027FA04 /* Design */,
				F280CDF11B9F3C020027FA04 /* Connections */,
				10A93B1E1B98065E00C791E7 /* Cells */,
				10A93B1A1B9803F800C791E7 /* Objects */,
				10A93B141B97FD4600C791E7 /* Resources */,
				1036D7471B97F9C6003926FB /* AppDelegate.h */,
				1036D7481B97F9C6003926FB /* AppDelegate.m */,
				1036D74D1B97F9C6003926FB /* ViewController.h */,
				1036D74E1B97F9C6003926FB /* ViewController.m */,
				1036D7501B97F9C6003926FB /* Main.storyboard */,
				F280CDFE1B9F4B250027FA04 /* EmployeeDetailViewController.h */,
				F280CDFF1B9F4B250027FA04 /* EmployeeDetailViewController.m */,
				F280CDFB1B9F43AE0027FA04 /* AcceptedRequestsViewController.h */,
				F280CDFC1B9F43AE0027FA04 /* AcceptedRequestsViewController.m */,
				F280CDF81B9F42A20027FA04 /* UserProfileViewController.h */,
				F280CDF91B9F42A20027FA04 /* UserProfileViewController.m */,
				10A93B171B98013A00C791E7 /* InboxViewController.h */,
				10A93B181B98013A00C791E7 /* InboxViewController.m */,
				1036D7531B97F9C6003926FB /* Images.xcassets */,
				1036D7551B97F9C6003926FB /* LaunchScreen.xib */,
				1036D74A1B97F9C6003926FB /* BizagiWorkPortalTest.xcdatamodeld */,
				1036D7431B97F9C6003926FB /* Supporting Files */,
			);
			path = BizagiWorkPortalTest;
			sourceTree = "<group>";
		};
		1036D7431B97F9C6003926FB /* Supporting Files */ = {
			isa = PBXGroup;
			children = (
				1036D7441B97F9C6003926FB /* Info.plist */,
				1036D7451B97F9C6003926FB /* main.m */,
			);
			name = "Supporting Files";
			sourceTree = "<group>";
		};
		1036D75F1B97F9C6003926FB /* BizagiWorkPortalTestTests */ = {
			isa = PBXGroup;
			children = (
				1036D7621B97F9C6003926FB /* BizagiWorkPortalTestTests.m */,
				1036D7601B97F9C6003926FB /* Supporting Files */,
			);
			path = BizagiWorkPortalTestTests;
			sourceTree = "<group>";
		};
		1036D7601B97F9C6003926FB /* Supporting Files */ = {
			isa = PBXGroup;
			children = (
				1036D7611B97F9C6003926FB /* Info.plist */,
			);
			name = "Supporting Files";
			sourceTree = "<group>";
		};
		10A93B141B97FD4600C791E7 /* Resources */ = {
			isa = PBXGroup;
			children = (
				106491531B9EA34600F6C8D8 /* inbox@2x.png */,
				106491541B9EA34600F6C8D8 /* information@2x.png */,
				106491551B9EA34600F6C8D8 /* profile@2x.png */,
				F280CE011B9F57C90027FA04 /* accepted@2x.png */,
				10A93B151B97FD5200C791E7 /* office.jpg */,
			);
			name = Resources;
			sourceTree = "<group>";
		};
		10A93B1A1B9803F800C791E7 /* Objects */ = {
			isa = PBXGroup;
			children = (
				10A93B1B1B98042200C791E7 /* Process.h */,
				10A93B1C1B98042200C791E7 /* Process.m */,
			);
			name = Objects;
			sourceTree = "<group>";
		};
		10A93B1E1B98065E00C791E7 /* Cells */ = {
			isa = PBXGroup;
			children = (
				10A93B1F1B98067A00C791E7 /* InboxCell.h */,
				10A93B201B98067A00C791E7 /* InboxCell.m */,
				10A93B221B98068600C791E7 /* InboxCell.xib */,
			);
			name = Cells;
			sourceTree = "<group>";
		};
		4F57BA4E96AA3C0CF138F169 /* Pods */ = {
			isa = PBXGroup;
			children = (
				916D11A61A254F5D0AD641D9 /* Pods-BizagiWorkPortalTest.debug.xcconfig */,
				1E7BAB982E11DA430FDD4B75 /* Pods-BizagiWorkPortalTest.release.xcconfig */,
			);
			name = Pods;
			sourceTree = "<group>";
		};
		8987BB7E963B0E1C01BF84F3 /* Frameworks */ = {
			isa = PBXGroup;
			children = (
				FF924B1E8FDAC9BD6FA329E2 /* libPods-BizagiWorkPortalTest.a */,
			);
			name = Frameworks;
			sourceTree = "<group>";
		};
		F280CDF11B9F3C020027FA04 /* Connections */ = {
			isa = PBXGroup;
			children = (
				F280CDF21B9F3C0A0027FA04 /* Client.h */,
				F280CDF31B9F3C0A0027FA04 /* Client.m */,
				F280CDF41B9F3C0A0027FA04 /* Connections.h */,
				F280CDF51B9F3C0A0027FA04 /* Connections.m */,
			);
			name = Connections;
			sourceTree = "<group>";
		};
		F280CE031B9F59E60027FA04 /* Design */ = {
			isa = PBXGroup;
			children = (
				F280CE041B9F59EE0027FA04 /* FUIButton.h */,
				F280CE051B9F59EE0027FA04 /* FUIButton.m */,
				F280CE061B9F59EE0027FA04 /* Lato-Black.ttf */,
				F280CE071B9F59EE0027FA04 /* Lato-Bold.ttf */,
				F280CE081B9F59EE0027FA04 /* Lato-Italic.ttf */,
				F280CE091B9F59EE0027FA04 /* Lato-Regular.ttf */,
				F280CE0A1B9F59EE0027FA04 /* UIColor+FlatUI.h */,
				F280CE0B1B9F59EE0027FA04 /* UIColor+FlatUI.m */,
				F280CE0C1B9F59EE0027FA04 /* UIFont+FlatUI.h */,
				F280CE0D1B9F59EE0027FA04 /* UIFont+FlatUI.m */,
				F280CE0E1B9F59EE0027FA04 /* UIImage+FlatUI.h */,
				F280CE0F1B9F59EE0027FA04 /* UIImage+FlatUI.m */,
				F280CE101B9F59EE0027FA04 /* UINavigationBar+FlatUI.h */,
				F280CE111B9F59EE0027FA04 /* UINavigationBar+FlatUI.m */,
			);
			name = Design;
			sourceTree = "<group>";
		};
		F280CE1B1B9F62C20027FA04 /* Badge */ = {
			isa = PBXGroup;
			children = (
				F280CE1C1B9F62CE0027FA04 /* M13BadgeView.h */,
				F280CE1D1B9F62CE0027FA04 /* M13BadgeView.m */,
			);
			name = Badge;
			sourceTree = "<group>";
		};
/* End PBXGroup section */

/* Begin PBXNativeTarget section */
		1036D73F1B97F9C6003926FB /* BizagiWorkPortalTest */ = {
			isa = PBXNativeTarget;
			buildConfigurationList = 1036D7661B97F9C6003926FB /* Build configuration list for PBXNativeTarget "BizagiWorkPortalTest" */;
			buildPhases = (
				801DD9AFF6025275A3B3F9E2 /* Check Pods Manifest.lock */,
				1036D73C1B97F9C6003926FB /* Sources */,
				1036D73D1B97F9C6003926FB /* Frameworks */,
				1036D73E1B97F9C6003926FB /* Resources */,
				7B640A6583A138617EC23CAB /* Copy Pods Resources */,
			);
			buildRules = (
			);
			dependencies = (
			);
			name = BizagiWorkPortalTest;
			productName = BizagiWorkPortalTest;
			productReference = 1036D7401B97F9C6003926FB /* BizagiWorkPortalTest.app */;
			productType = "com.apple.product-type.application";
		};
		1036D75B1B97F9C6003926FB /* BizagiWorkPortalTestTests */ = {
			isa = PBXNativeTarget;
			buildConfigurationList = 1036D7691B97F9C6003926FB /* Build configuration list for PBXNativeTarget "BizagiWorkPortalTestTests" */;
			buildPhases = (
				1036D7581B97F9C6003926FB /* Sources */,
				1036D7591B97F9C6003926FB /* Frameworks */,
				1036D75A1B97F9C6003926FB /* Resources */,
			);
			buildRules = (
			);
			dependencies = (
				1036D75E1B97F9C6003926FB /* PBXTargetDependency */,
			);
			name = BizagiWorkPortalTestTests;
			productName = BizagiWorkPortalTestTests;
			productReference = 1036D75C1B97F9C6003926FB /* BizagiWorkPortalTestTests.xctest */;
			productType = "com.apple.product-type.bundle.unit-test";
		};
/* End PBXNativeTarget section */

/* Begin PBXProject section */
		1036D7381B97F9C6003926FB /* Project object */ = {
			isa = PBXProject;
			attributes = {
				LastUpgradeCheck = 0640;
				ORGANIZATIONNAME = IvanGarcia;
				TargetAttributes = {
					1036D73F1B97F9C6003926FB = {
						CreatedOnToolsVersion = 6.4;
					};
					1036D75B1B97F9C6003926FB = {
						CreatedOnToolsVersion = 6.4;
						TestTargetID = 1036D73F1B97F9C6003926FB;
					};
				};
			};
			buildConfigurationList = 1036D73B1B97F9C6003926FB /* Build configuration list for PBXProject "BizagiWorkPortalTest" */;
			compatibilityVersion = "Xcode 3.2";
			developmentRegion = English;
			hasScannedForEncodings = 0;
			knownRegions = (
				en,
				Base,
			);
			mainGroup = 1036D7371B97F9C6003926FB;
			productRefGroup = 1036D7411B97F9C6003926FB /* Products */;
			projectDirPath = "";
			projectRoot = "";
			targets = (
				1036D73F1B97F9C6003926FB /* BizagiWorkPortalTest */,
				1036D75B1B97F9C6003926FB /* BizagiWorkPortalTestTests */,
			);
		};
/* End PBXProject section */

/* Begin PBXResourcesBuildPhase section */
		1036D73E1B97F9C6003926FB /* Resources */ = {
			isa = PBXResourcesBuildPhase;
			buildActionMask = 2147483647;
			files = (
				F280CE141B9F59EE0027FA04 /* Lato-Bold.ttf in Resources */,
				1036D7521B97F9C6003926FB /* Main.storyboard in Resources */,
				10A93B231B98068600C791E7 /* InboxCell.xib in Resources */,
				10A93B161B97FD5200C791E7 /* office.jpg in Resources */,
				1036D7571B97F9C6003926FB /* LaunchScreen.xib in Resources */,
				106491581B9EA34600F6C8D8 /* profile@2x.png in Resources */,
				F280CE021B9F57C90027FA04 /* accepted@2x.png in Resources */,
				106491571B9EA34600F6C8D8 /* information@2x.png in Resources */,
				1036D7541B97F9C6003926FB /* Images.xcassets in Resources */,
				F280CE131B9F59EE0027FA04 /* Lato-Black.ttf in Resources */,
				F280CE161B9F59EE0027FA04 /* Lato-Regular.ttf in Resources */,
				F280CE151B9F59EE0027FA04 /* Lato-Italic.ttf in Resources */,
				106491561B9EA34600F6C8D8 /* inbox@2x.png in Resources */,
			);
			runOnlyForDeploymentPostprocessing = 0;
		};
		1036D75A1B97F9C6003926FB /* Resources */ = {
			isa = PBXResourcesBuildPhase;
			buildActionMask = 2147483647;
			files = (
			);
			runOnlyForDeploymentPostprocessing = 0;
		};
/* End PBXResourcesBuildPhase section */

/* Begin PBXShellScriptBuildPhase section */
		7B640A6583A138617EC23CAB /* Copy Pods Resources */ = {
			isa = PBXShellScriptBuildPhase;
			buildActionMask = 2147483647;
			files = (
			);
			inputPaths = (
			);
			name = "Copy Pods Resources";
			outputPaths = (
			);
			runOnlyForDeploymentPostprocessing = 0;
			shellPath = /bin/sh;
			shellScript = "\"${SRCROOT}/Pods/Target Support Files/Pods-BizagiWorkPortalTest/Pods-BizagiWorkPortalTest-resources.sh\"\n";
			showEnvVarsInLog = 0;
		};
		801DD9AFF6025275A3B3F9E2 /* Check Pods Manifest.lock */ = {
			isa = PBXShellScriptBuildPhase;
			buildActionMask = 2147483647;
			files = (
			);
			inputPaths = (
			);
			name = "Check Pods Manifest.lock";
			outputPaths = (
			);
			runOnlyForDeploymentPostprocessing = 0;
			shellPath = /bin/sh;
			shellScript = "diff \"${PODS_ROOT}/../Podfile.lock\" \"${PODS_ROOT}/Manifest.lock\" > /dev/null\nif [[ $? != 0 ]] ; then\n    cat << EOM\nerror: The sandbox is not in sync with the Podfile.lock. Run 'pod install' or update your CocoaPods installation.\nEOM\n    exit 1\nfi\n";
			showEnvVarsInLog = 0;
		};
/* End PBXShellScriptBuildPhase section */

/* Begin PBXSourcesBuildPhase section */
		1036D73C1B97F9C6003926FB /* Sources */ = {
			isa = PBXSourcesBuildPhase;
			buildActionMask = 2147483647;
			files = (
				F280CE1E1B9F62CE0027FA04 /* M13BadgeView.m in Sources */,
				F280CE1A1B9F59EE0027FA04 /* UINavigationBar+FlatUI.m in Sources */,
				1036D7491B97F9C6003926FB /* AppDelegate.m in Sources */,
				1036D74C1B97F9C6003926FB /* BizagiWorkPortalTest.xcdatamodeld in Sources */,
				F280CDF71B9F3C0A0027FA04 /* Connections.m in Sources */,
				F280CDF61B9F3C0A0027FA04 /* Client.m in Sources */,
				F280CDFD1B9F43AE0027FA04 /* AcceptedRequestsViewController.m in Sources */,
				10A93B191B98013A00C791E7 /* InboxViewController.m in Sources */,
				F280CDFA1B9F42A20027FA04 /* UserProfileViewController.m in Sources */,
				F280CE001B9F4B250027FA04 /* EmployeeDetailViewController.m in Sources */,
				10A93B1D1B98042200C791E7 /* Process.m in Sources */,
				1036D74F1B97F9C6003926FB /* ViewController.m in Sources */,
				F280CE171B9F59EE0027FA04 /* UIColor+FlatUI.m in Sources */,
				1036D7461B97F9C6003926FB /* main.m in Sources */,
				F280CE191B9F59EE0027FA04 /* UIImage+FlatUI.m in Sources */,
				F280CE121B9F59EE0027FA04 /* FUIButton.m in Sources */,
				10A93B211B98067A00C791E7 /* InboxCell.m in Sources */,
				F280CE181B9F59EE0027FA04 /* UIFont+FlatUI.m in Sources */,
			);
			runOnlyForDeploymentPostprocessing = 0;
		};
		1036D7581B97F9C6003926FB /* Sources */ = {
			isa = PBXSourcesBuildPhase;
			buildActionMask = 2147483647;
			files = (
				1036D7631B97F9C6003926FB /* BizagiWorkPortalTestTests.m in Sources */,
			);
			runOnlyForDeploymentPostprocessing = 0;
		};
/* End PBXSourcesBuildPhase section */

/* Begin PBXTargetDependency section */
		1036D75E1B97F9C6003926FB /* PBXTargetDependency */ = {
			isa = PBXTargetDependency;
			target = 1036D73F1B97F9C6003926FB /* BizagiWorkPortalTest */;
			targetProxy = 1036D75D1B97F9C6003926FB /* PBXContainerItemProxy */;
		};
/* End PBXTargetDependency section */

/* Begin PBXVariantGroup section */
		1036D7501B97F9C6003926FB /* Main.storyboard */ = {
			isa = PBXVariantGroup;
			children = (
				1036D7511B97F9C6003926FB /* Base */,
			);
			name = Main.storyboard;
			sourceTree = "<group>";
		};
		1036D7551B97F9C6003926FB /* LaunchScreen.xib */ = {
			isa = PBXVariantGroup;
			children = (
				1036D7561B97F9C6003926FB /* Base */,
			);
			name = LaunchScreen.xib;
			sourceTree = "<group>";
		};
/* End PBXVariantGroup section */

/* Begin XCBuildConfiguration section */
		1036D7641B97F9C6003926FB /* Debug */ = {
			isa = XCBuildConfiguration;
			buildSettings = {
				ALWAYS_SEARCH_USER_PATHS = NO;
				CLANG_CXX_LANGUAGE_STANDARD = "gnu++0x";
				CLANG_CXX_LIBRARY = "libc++";
				CLANG_ENABLE_MODULES = YES;
				CLANG_ENABLE_OBJC_ARC = YES;
				CLANG_WARN_BOOL_CONVERSION = YES;
				CLANG_WARN_CONSTANT_CONVERSION = YES;
				CLANG_WARN_DIRECT_OBJC_ISA_USAGE = YES_ERROR;
				CLANG_WARN_EMPTY_BODY = YES;
				CLANG_WARN_ENUM_CONVERSION = YES;
				CLANG_WARN_INT_CONVERSION = YES;
				CLANG_WARN_OBJC_ROOT_CLASS = YES_ERROR;
				CLANG_WARN_UNREACHABLE_CODE = YES;
				CLANG_WARN__DUPLICATE_METHOD_MATCH = YES;
				"CODE_SIGN_IDENTITY[sdk=iphoneos*]" = "iPhone Developer";
				COPY_PHASE_STRIP = NO;
				DEBUG_INFORMATION_FORMAT = "dwarf-with-dsym";
				ENABLE_STRICT_OBJC_MSGSEND = YES;
				GCC_C_LANGUAGE_STANDARD = gnu99;
				GCC_DYNAMIC_NO_PIC = NO;
				GCC_NO_COMMON_BLOCKS = YES;
				GCC_OPTIMIZATION_LEVEL = 0;
				GCC_PREPROCESSOR_DEFINITIONS = (
					"DEBUG=1",
					"$(inherited)",
				);
				GCC_SYMBOLS_PRIVATE_EXTERN = NO;
				GCC_WARN_64_TO_32_BIT_CONVERSION = YES;
				GCC_WARN_ABOUT_RETURN_TYPE = YES_ERROR;
				GCC_WARN_UNDECLARED_SELECTOR = YES;
				GCC_WARN_UNINITIALIZED_AUTOS = YES_AGGRESSIVE;
				GCC_WARN_UNUSED_FUNCTION = YES;
				GCC_WARN_UNUSED_VARIABLE = YES;
				IPHONEOS_DEPLOYMENT_TARGET = 8.4;
				MTL_ENABLE_DEBUG_INFO = YES;
				ONLY_ACTIVE_ARCH = YES;
				SDKROOT = iphoneos;
				TARGETED_DEVICE_FAMILY = "1,2";
			};
			name = Debug;
		};
		1036D7651B97F9C6003926FB /* Release */ = {
			isa = XCBuildConfiguration;
			buildSettings = {
				ALWAYS_SEARCH_USER_PATHS = NO;
				CLANG_CXX_LANGUAGE_STANDARD = "gnu++0x";
				CLANG_CXX_LIBRARY = "libc++";
				CLANG_ENABLE_MODULES = YES;
				CLANG_ENABLE_OBJC_ARC = YES;
				CLANG_WARN_BOOL_CONVERSION = YES;
				CLANG_WARN_CONSTANT_CONVERSION = YES;
				CLANG_WARN_DIRECT_OBJC_ISA_USAGE = YES_ERROR;
				CLANG_WARN_EMPTY_BODY = YES;
				CLANG_WARN_ENUM_CONVERSION = YES;
				CLANG_WARN_INT_CONVERSION = YES;
				CLANG_WARN_OBJC_ROOT_CLASS = YES_ERROR;
				CLANG_WARN_UNREACHABLE_CODE = YES;
				CLANG_WARN__DUPLICATE_METHOD_MATCH = YES;
				"CODE_SIGN_IDENTITY[sdk=iphoneos*]" = "iPhone Developer";
				COPY_PHASE_STRIP = NO;
				DEBUG_INFORMATION_FORMAT = "dwarf-with-dsym";
				ENABLE_NS_ASSERTIONS = NO;
				ENABLE_STRICT_OBJC_MSGSEND = YES;
				GCC_C_LANGUAGE_STANDARD = gnu99;
				GCC_NO_COMMON_BLOCKS = YES;
				GCC_WARN_64_TO_32_BIT_CONVERSION = YES;
				GCC_WARN_ABOUT_RETURN_TYPE = YES_ERROR;
				GCC_WARN_UNDECLARED_SELECTOR = YES;
				GCC_WARN_UNINITIALIZED_AUTOS = YES_AGGRESSIVE;
				GCC_WARN_UNUSED_FUNCTION = YES;
				GCC_WARN_UNUSED_VARIABLE = YES;
				IPHONEOS_DEPLOYMENT_TARGET = 8.4;
				MTL_ENABLE_DEBUG_INFO = NO;
				SDKROOT = iphoneos;
				TARGETED_DEVICE_FAMILY = "1,2";
				VALIDATE_PRODUCT = YES;
			};
			name = Release;
		};
		1036D7671B97F9C6003926FB /* Debug */ = {
			isa = XCBuildConfiguration;
			baseConfigurationReference = 916D11A61A254F5D0AD641D9 /* Pods-BizagiWorkPortalTest.debug.xcconfig */;
			buildSettings = {
				ASSETCATALOG_COMPILER_APPICON_NAME = AppIcon;
				INFOPLIST_FILE = BizagiWorkPortalTest/Info.plist;
				LD_RUNPATH_SEARCH_PATHS = "$(inherited) @executable_path/Frameworks";
				PRODUCT_NAME = "$(TARGET_NAME)";
			};
			name = Debug;
		};
		1036D7681B97F9C6003926FB /* Release */ = {
			isa = XCBuildConfiguration;
			baseConfigurationReference = 1E7BAB982E11DA430FDD4B75 /* Pods-BizagiWorkPortalTest.release.xcconfig */;
			buildSettings = {
				ASSETCATALOG_COMPILER_APPICON_NAME = AppIcon;
				INFOPLIST_FILE = BizagiWorkPortalTest/Info.plist;
				LD_RUNPATH_SEARCH_PATHS = "$(inherited) @executable_path/Frameworks";
				PRODUCT_NAME = "$(TARGET_NAME)";
			};
			name = Release;
		};
		1036D76A1B97F9C6003926FB /* Debug */ = {
			isa = XCBuildConfiguration;
			buildSettings = {
				BUNDLE_LOADER = "$(TEST_HOST)";
				FRAMEWORK_SEARCH_PATHS = (
					"$(SDKROOT)/Developer/Library/Frameworks",
					"$(inherited)",
				);
				GCC_PREPROCESSOR_DEFINITIONS = (
					"DEBUG=1",
					"$(inherited)",
				);
				INFOPLIST_FILE = BizagiWorkPortalTestTests/Info.plist;
				LD_RUNPATH_SEARCH_PATHS = "$(inherited) @executable_path/Frameworks @loader_path/Frameworks";
				PRODUCT_NAME = "$(TARGET_NAME)";
				TEST_HOST = "$(BUILT_PRODUCTS_DIR)/BizagiWorkPortalTest.app/BizagiWorkPortalTest";
			};
			name = Debug;
		};
		1036D76B1B97F9C6003926FB /* Release */ = {
			isa = XCBuildConfiguration;
			buildSettings = {
				BUNDLE_LOADER = "$(TEST_HOST)";
				FRAMEWORK_SEARCH_PATHS = (
					"$(SDKROOT)/Developer/Library/Frameworks",
					"$(inherited)",
				);
				INFOPLIST_FILE = BizagiWorkPortalTestTests/Info.plist;
				LD_RUNPATH_SEARCH_PATHS = "$(inherited) @executable_path/Frameworks @loader_path/Frameworks";
				PRODUCT_NAME = "$(TARGET_NAME)";
				TEST_HOST = "$(BUILT_PRODUCTS_DIR)/BizagiWorkPortalTest.app/BizagiWorkPortalTest";
			};
			name = Release;
		};
/* End XCBuildConfiguration section */

/* Begin XCConfigurationList section */
		1036D73B1B97F9C6003926FB /* Build configuration list for PBXProject "BizagiWorkPortalTest" */ = {
			isa = XCConfigurationList;
			buildConfigurations = (
				1036D7641B97F9C6003926FB /* Debug */,
				1036D7651B97F9C6003926FB /* Release */,
			);
			defaultConfigurationIsVisible = 0;
			defaultConfigurationName = Release;
		};
		1036D7661B97F9C6003926FB /* Build configuration list for PBXNativeTarget "BizagiWorkPortalTest" */ = {
			isa = XCConfigurationList;
			buildConfigurations = (
				1036D7671B97F9C6003926FB /* Debug */,
				1036D7681B97F9C6003926FB /* Release */,
			);
			defaultConfigurationIsVisible = 0;
			defaultConfigurationName = Release;
		};
		1036D7691B97F9C6003926FB /* Build configuration list for PBXNativeTarget "BizagiWorkPortalTestTests" */ = {
			isa = XCConfigurationList;
			buildConfigurations = (
				1036D76A1B97F9C6003926FB /* Debug */,
				1036D76B1B97F9C6003926FB /* Release */,
			);
			defaultConfigurationIsVisible = 0;
			defaultConfigurationName = Release;
		};
/* End XCConfigurationList section */

/* Begin XCVersionGroup section */
		1036D74A1B97F9C6003926FB /* BizagiWorkPortalTest.xcdatamodeld */ = {
			isa = XCVersionGroup;
			children = (
				1036D74B1B97F9C6003926FB /* BizagiWorkPortalTest.xcdatamodel */,
			);
			currentVersion = 1036D74B1B97F9C6003926FB /* BizagiWorkPortalTest.xcdatamodel */;
			path = BizagiWorkPortalTest.xcdatamodeld;
			sourceTree = "<group>";
			versionGroupType = wrapper.xcdatamodel;
		};
/* End XCVersionGroup section */
	};
	rootObject = 1036D7381B97F9C6003926FB /* Project object */;
}
